
Microsoft Visual Studio Solution File, Format Version 12.00
# Visual Studio Version 17
VisualStudioVersion = 17.2.32519.379
MinimumVisualStudioVersion = 10.0.40219.1
Project("{9A19103F-16F7-4668-BE54-9A1E7A4F7556}") = "WebGYM", "WebGYM\WebGYM.csproj", "{B682A153-0B44-466F-92E6-E644BF6CD925}"
EndProject
Project("{9A19103F-16F7-4668-BE54-9A1E7A4F7556}") = "Ocelot API Gateway", "Ocelot API Gateway\Ocelot API Gateway.csproj", "{A5F668B7-3934-4D64-93DC-4916202914C3}"
EndProject
Project("{9A19103F-16F7-4668-BE54-9A1E7A4F7556}") = "WebGYM.Shared", "WebGYM.Shared\WebGYM.Shared.csproj", "{AE819127-6EB7-47C3-AB88-6BF2383385D8}"
EndProject
Project("{2150E333-8FDC-42A3-9474-1A3956D46DE8}") = "Core", "Core", "{389A5238-B228-4E47-8F66-9EB818F5648D}"
EndProject
Project("{2150E333-8FDC-42A3-9474-1A3956D46DE8}") = "Infrastructure", "Infrastructure", "{85995DE4-7412-4A68-8D5A-7F4898F68BED}"
EndProject
Project("{2150E333-8FDC-42A3-9474-1A3956D46DE8}") = "Presentation", "Presentation", "{80D63381-75FC-4093-93FE-3C5F977C4D4D}"
EndProject
Project("{2150E333-8FDC-42A3-9474-1A3956D46DE8}") = "Tests", "Tests", "{C2501590-A9EF-473C-A7E9-716D423028F6}"
EndProject
Project("{FAE04EC0-301F-11D3-BF4B-00C04F79EFBC}") = "WebGYM.Domain", "WebGYM.Domain\WebGYM.Domain.csproj", "{4C25E2FF-FA1A-45FE-AFEF-8F2DC2767EB2}"
EndProject
Project("{FAE04EC0-301F-11D3-BF4B-00C04F79EFBC}") = "WebGYM.Application", "WebGYM.Application\WebGYM.Application.csproj", "{5A596585-C80E-43F2-9D63-8D8FD134148A}"
EndProject
Project("{FAE04EC0-301F-11D3-BF4B-00C04F79EFBC}") = "WebGYM.Persistance", "WebGYM.Persistance\WebGYM.Persistance.csproj", "{F74036C7-AFB3-49BE-A4DA-7893DA9AE9BB}"
EndProject
Global
	GlobalSection(SolutionConfigurationPlatforms) = preSolution
		Debug|Any CPU = Debug|Any CPU
		Release|Any CPU = Release|Any CPU
	EndGlobalSection
	GlobalSection(ProjectConfigurationPlatforms) = postSolution
		{B682A153-0B44-466F-92E6-E644BF6CD925}.Debug|Any CPU.ActiveCfg = Debug|Any CPU
		{B682A153-0B44-466F-92E6-E644BF6CD925}.Debug|Any CPU.Build.0 = Debug|Any CPU
		{B682A153-0B44-466F-92E6-E644BF6CD925}.Release|Any CPU.ActiveCfg = Release|Any CPU
		{B682A153-0B44-466F-92E6-E644BF6CD925}.Release|Any CPU.Build.0 = Release|Any CPU
		{A5F668B7-3934-4D64-93DC-4916202914C3}.Debug|Any CPU.ActiveCfg = Debug|Any CPU
		{A5F668B7-3934-4D64-93DC-4916202914C3}.Debug|Any CPU.Build.0 = Debug|Any CPU
		{A5F668B7-3934-4D64-93DC-4916202914C3}.Release|Any CPU.ActiveCfg = Release|Any CPU
		{A5F668B7-3934-4D64-93DC-4916202914C3}.Release|Any CPU.Build.0 = Release|Any CPU
		{AE819127-6EB7-47C3-AB88-6BF2383385D8}.Debug|Any CPU.ActiveCfg = Debug|Any CPU
		{AE819127-6EB7-47C3-AB88-6BF2383385D8}.Debug|Any CPU.Build.0 = Debug|Any CPU
		{AE819127-6EB7-47C3-AB88-6BF2383385D8}.Release|Any CPU.ActiveCfg = Release|Any CPU
		{AE819127-6EB7-47C3-AB88-6BF2383385D8}.Release|Any CPU.Build.0 = Release|Any CPU
		{4C25E2FF-FA1A-45FE-AFEF-8F2DC2767EB2}.Debug|Any CPU.ActiveCfg = Debug|Any CPU
		{4C25E2FF-FA1A-45FE-AFEF-8F2DC2767EB2}.Debug|Any CPU.Build.0 = Debug|Any CPU
		{4C25E2FF-FA1A-45FE-AFEF-8F2DC2767EB2}.Release|Any CPU.ActiveCfg = Release|Any CPU
		{4C25E2FF-FA1A-45FE-AFEF-8F2DC2767EB2}.Release|Any CPU.Build.0 = Release|Any CPU
		{5A596585-C80E-43F2-9D63-8D8FD134148A}.Debug|Any CPU.ActiveCfg = Debug|Any CPU
		{5A596585-C80E-43F2-9D63-8D8FD134148A}.Debug|Any CPU.Build.0 = Debug|Any CPU
		{5A596585-C80E-43F2-9D63-8D8FD134148A}.Release|Any CPU.ActiveCfg = Release|Any CPU
		{5A596585-C80E-43F2-9D63-8D8FD134148A}.Release|Any CPU.Build.0 = Release|Any CPU
		{F74036C7-AFB3-49BE-A4DA-7893DA9AE9BB}.Debug|Any CPU.ActiveCfg = Debug|Any CPU
		{F74036C7-AFB3-49BE-A4DA-7893DA9AE9BB}.Debug|Any CPU.Build.0 = Debug|Any CPU
		{F74036C7-AFB3-49BE-A4DA-7893DA9AE9BB}.Release|Any CPU.ActiveCfg = Release|Any CPU
		{F74036C7-AFB3-49BE-A4DA-7893DA9AE9BB}.Release|Any CPU.Build.0 = Release|Any CPU
	EndGlobalSection
	GlobalSection(SolutionProperties) = preSolution
		HideSolutionNode = FALSE
	EndGlobalSection
	GlobalSection(NestedProjects) = preSolution
		{B682A153-0B44-466F-92E6-E644BF6CD925} = {80D63381-75FC-4093-93FE-3C5F977C4D4D}
		{4C25E2FF-FA1A-45FE-AFEF-8F2DC2767EB2} = {389A5238-B228-4E47-8F66-9EB818F5648D}
		{5A596585-C80E-43F2-9D63-8D8FD134148A} = {389A5238-B228-4E47-8F66-9EB818F5648D}
		{F74036C7-AFB3-49BE-A4DA-7893DA9AE9BB} = {85995DE4-7412-4A68-8D5A-7F4898F68BED}
	EndGlobalSection
	GlobalSection(ExtensibilityGlobals) = postSolution
		SolutionGuid = {F30CF194-1B2E-4D81-A37F-19BCDBCA79C4}
	EndGlobalSection
EndGlobal
